
Microsoft Visual Studio Solution File, Format Version 12.00
# Visual Studio Version 17
VisualStudioVersion = 17.10.34928.147
MinimumVisualStudioVersion = 10.0.40219.1
Project("{FAE04EC0-301F-11D3-BF4B-00C04F79EFBC}") = "APIGateway", "WGNestAPIGateway\APIGateway.csproj", "{1A14FC75-4E5D-4227-8614-74942187D123}"
EndProject
Project("{FAE04EC0-301F-11D3-BF4B-00C04F79EFBC}") = "APIGateWay.BusinessLayer", "APIGateWay.Business Layer\APIGateWay.BusinessLayer.csproj", "{A2D2C712-7E52-4768-8F46-34FE073FF8A2}"
EndProject
Project("{FAE04EC0-301F-11D3-BF4B-00C04F79EFBC}") = "APIGateWay.DomainLayer", "APIGateWay.DomainLayer\APIGateWay.DomainLayer.csproj", "{7518DC3A-E17E-4E63-ADEC-ACD0F91CC97D}"
EndProject
Project("{FAE04EC0-301F-11D3-BF4B-00C04F79EFBC}") = "APIGateWay.ModalLayer", "APIGateWay.ModalLayer\APIGateWay.ModalLayer.csproj", "{A5E677DF-F1AD-46D4-977C-008001EE10DD}"
EndProject
Global
	GlobalSection(SolutionConfigurationPlatforms) = preSolution
		Debug|Any CPU = Debug|Any CPU
		Release|Any CPU = Release|Any CPU
	EndGlobalSection
	GlobalSection(ProjectConfigurationPlatforms) = postSolution
		{1A14FC75-4E5D-4227-8614-74942187D123}.Debug|Any CPU.ActiveCfg = Debug|Any CPU
		{1A14FC75-4E5D-4227-8614-74942187D123}.Debug|Any CPU.Build.0 = Debug|Any CPU
		{1A14FC75-4E5D-4227-8614-74942187D123}.Release|Any CPU.ActiveCfg = Release|Any CPU
		{1A14FC75-4E5D-4227-8614-74942187D123}.Release|Any CPU.Build.0 = Release|Any CPU
		{A2D2C712-7E52-4768-8F46-34FE073FF8A2}.Debug|Any CPU.ActiveCfg = Debug|Any CPU
		{A2D2C712-7E52-4768-8F46-34FE073FF8A2}.Debug|Any CPU.Build.0 = Debug|Any CPU
		{A2D2C712-7E52-4768-8F46-34FE073FF8A2}.Release|Any CPU.ActiveCfg = Release|Any CPU
		{A2D2C712-7E52-4768-8F46-34FE073FF8A2}.Release|Any CPU.Build.0 = Release|Any CPU
		{7518DC3A-E17E-4E63-ADEC-ACD0F91CC97D}.Debug|Any CPU.ActiveCfg = Debug|Any CPU
		{7518DC3A-E17E-4E63-ADEC-ACD0F91CC97D}.Debug|Any CPU.Build.0 = Debug|Any CPU
		{7518DC3A-E17E-4E63-ADEC-ACD0F91CC97D}.Release|Any CPU.ActiveCfg = Release|Any CPU
		{7518DC3A-E17E-4E63-ADEC-ACD0F91CC97D}.Release|Any CPU.Build.0 = Release|Any CPU
		{A5E677DF-F1AD-46D4-977C-008001EE10DD}.Debug|Any CPU.ActiveCfg = Debug|Any CPU
		{A5E677DF-F1AD-46D4-977C-008001EE10DD}.Debug|Any CPU.Build.0 = Debug|Any CPU
		{A5E677DF-F1AD-46D4-977C-008001EE10DD}.Release|Any CPU.ActiveCfg = Release|Any CPU
		{A5E677DF-F1AD-46D4-977C-008001EE10DD}.Release|Any CPU.Build.0 = Release|Any CPU
	EndGlobalSection
	GlobalSection(SolutionProperties) = preSolution
		HideSolutionNode = FALSE
	EndGlobalSection
	GlobalSection(ExtensibilityGlobals) = postSolution
		SolutionGuid = {BDD0D96E-1D1B-4F1F-852F-DFD7C96A050C}
	EndGlobalSection
EndGlobal
